
Microsoft Visual Studio Solution File, Format Version 12.00
# Visual Studio Version 16
VisualStudioVersion = 16.0.31205.134
MinimumVisualStudioVersion = 10.0.40219.1
Project("{FAE04EC0-301F-11D3-BF4B-00C04F79EFBC}") = "labOneWPF", "labOneWPF\labOneWPF.csproj", "{762FCB28-B530-4862-95E8-048A7303A9BC}"
EndProject
Global
	GlobalSection(SolutionConfigurationPlatforms) = preSolution
		Debug|Any CPU = Debug|Any CPU
		Release|Any CPU = Release|Any CPU
	EndGlobalSection
	GlobalSection(ProjectConfigurationPlatforms) = postSolution
		{762FCB28-B530-4862-95E8-048A7303A9BC}.Debug|Any CPU.ActiveCfg = Debug|Any CPU
		{762FCB28-B530-4862-95E8-048A7303A9BC}.Debug|Any CPU.Build.0 = Debug|Any CPU
		{762FCB28-B530-4862-95E8-048A7303A9BC}.Release|Any CPU.ActiveCfg = Release|Any CPU
		{762FCB28-B530-4862-95E8-048A7303A9BC}.Release|Any CPU.Build.0 = Release|Any CPU
	EndGlobalSection
	GlobalSection(SolutionProperties) = preSolution
		HideSolutionNode = FALSE
	EndGlobalSection
	GlobalSection(ExtensibilityGlobals) = postSolution
		SolutionGuid = {2CFC6487-5F2F-492D-A2D5-3F858DDA41FE}
	EndGlobalSection
EndGlobal
